
Microsoft Visual Studio Solution File, Format Version 12.00
# Visual Studio Version 16
VisualStudioVersion = 16.0.30611.23
MinimumVisualStudioVersion = 10.0.40219.1
Project("{FAE04EC0-301F-11D3-BF4B-00C04F79EFBC}") = "sort", "sort\sort.csproj", "{705D2ACE-BCB4-4D4F-8555-4F17FD411E95}"
EndProject
Global
	GlobalSection(SolutionConfigurationPlatforms) = preSolution
		Debug|Any CPU = Debug|Any CPU
		Release|Any CPU = Release|Any CPU
	EndGlobalSection
	GlobalSection(ProjectConfigurationPlatforms) = postSolution
		{705D2ACE-BCB4-4D4F-8555-4F17FD411E95}.Debug|Any CPU.ActiveCfg = Debug|Any CPU
		{705D2ACE-BCB4-4D4F-8555-4F17FD411E95}.Debug|Any CPU.Build.0 = Debug|Any CPU
		{705D2ACE-BCB4-4D4F-8555-4F17FD411E95}.Release|Any CPU.ActiveCfg = Release|Any CPU
		{705D2ACE-BCB4-4D4F-8555-4F17FD411E95}.Release|Any CPU.Build.0 = Release|Any CPU
	EndGlobalSection
	GlobalSection(SolutionProperties) = preSolution
		HideSolutionNode = FALSE
	EndGlobalSection
	GlobalSection(ExtensibilityGlobals) = postSolution
		SolutionGuid = {3CA1289C-5EAB-4BB7-B09F-B961A54470B8}
	EndGlobalSection
EndGlobal
